// !$*UTF8*$!
{
	archiveVersion = 1;
	classes = {
	};
	objectVersion = 46;
	objects = {

/* Begin PBXBuildFile section */
		01055A5C1680D1A000FA026C /* main.cpp in Sources */ = {isa = PBXBuildFile; fileRef = 01055A5B1680D1A000FA026C /* main.cpp */; };
		010D8EA116D66E9800292FFC /* DrawToMemory.cpp in Sources */ = {isa = PBXBuildFile; fileRef = 010D8E9816D66E9800292FFC /* DrawToMemory.cpp */; };
		010D8EA216D66E9800292FFC /* Point.cpp in Sources */ = {isa = PBXBuildFile; fileRef = 010D8E9B16D66E9800292FFC /* Point.cpp */; };
		010D8EA316D66E9800292FFC /* Rectangle.cpp in Sources */ = {isa = PBXBuildFile; fileRef = 010D8E9D16D66E9800292FFC /* Rectangle.cpp */; };
/* End PBXBuildFile section */

/* Begin PBXCopyFilesBuildPhase section */
		01055A491680D13B00FA026C /* CopyFiles */ = {
			isa = PBXCopyFilesBuildPhase;
			buildActionMask = 2147483647;
			dstPath = /usr/share/man/man1/;
			dstSubfolderSpec = 0;
			files = (
			);
			runOnlyForDeploymentPostprocessing = 1;
		};
/* End PBXCopyFilesBuildPhase section */

/* Begin PBXFileReference section */
		01055A4B1680D13B00FA026C /* conplot */ = {isa = PBXFileReference; explicitFileType = "compiled.mach-o.executable"; includeInIndex = 0; path = conplot; sourceTree = BUILT_PRODUCTS_DIR; };
		01055A5B1680D1A000FA026C /* main.cpp */ = {isa = PBXFileReference; fileEncoding = 4; lastKnownFileType = sourcecode.cpp.cpp; path = main.cpp; sourceTree = "<group>"; };
		010D8E9316D66DCF00292FFC /* conplot.h */ = {isa = PBXFileReference; lastKnownFileType = sourcecode.c.h; path = conplot.h; sourceTree = "<group>"; };
		010D8E9516D66E9800292FFC /* catch.h */ = {isa = PBXFileReference; fileEncoding = 4; lastKnownFileType = sourcecode.c.h; path = catch.h; sourceTree = "<group>"; };
		010D8E9616D66E9800292FFC /* CharsAndFlags.h */ = {isa = PBXFileReference; fileEncoding = 4; lastKnownFileType = sourcecode.c.h; path = CharsAndFlags.h; sourceTree = "<group>"; };
		010D8E9716D66E9800292FFC /* DataSeries.h */ = {isa = PBXFileReference; fileEncoding = 4; lastKnownFileType = sourcecode.c.h; path = DataSeries.h; sourceTree = "<group>"; };
		010D8E9816D66E9800292FFC /* DrawToMemory.cpp */ = {isa = PBXFileReference; fileEncoding = 4; lastKnownFileType = sourcecode.cpp.cpp; path = DrawToMemory.cpp; sourceTree = "<group>"; };
		010D8E9916D66E9800292FFC /* DrawToMemory.h */ = {isa = PBXFileReference; fileEncoding = 4; lastKnownFileType = sourcecode.c.h; path = DrawToMemory.h; sourceTree = "<group>"; };
		010D8E9A16D66E9800292FFC /* DrawToScreen.h */ = {isa = PBXFileReference; fileEncoding = 4; lastKnownFileType = sourcecode.c.h; path = DrawToScreen.h; sourceTree = "<group>"; };
		010D8E9B16D66E9800292FFC /* Point.cpp */ = {isa = PBXFileReference; fileEncoding = 4; lastKnownFileType = sourcecode.cpp.cpp; path = Point.cpp; sourceTree = "<group>"; };
		010D8E9C16D66E9800292FFC /* Point.h */ = {isa = PBXFileReference; fileEncoding = 4; lastKnownFileType = sourcecode.c.h; path = Point.h; sourceTree = "<group>"; };
		010D8E9D16D66E9800292FFC /* Rectangle.cpp */ = {isa = PBXFileReference; fileEncoding = 4; lastKnownFileType = sourcecode.cpp.cpp; path = Rectangle.cpp; sourceTree = "<group>"; };
		010D8E9E16D66E9800292FFC /* Rectangle.h */ = {isa = PBXFileReference; fileEncoding = 4; lastKnownFileType = sourcecode.c.h; path = Rectangle.h; sourceTree = "<group>"; };
		010D8E9F16D66E9800292FFC /* SigGen.h */ = {isa = PBXFileReference; fileEncoding = 4; lastKnownFileType = sourcecode.c.h; path = SigGen.h; sourceTree = "<group>"; };
		010D8EA016D66E9800292FFC /* TicToc.h */ = {isa = PBXFileReference; fileEncoding = 4; lastKnownFileType = sourcecode.c.h; path = TicToc.h; sourceTree = "<group>"; };
/* End PBXFileReference section */

/* Begin PBXFrameworksBuildPhase section */
		01055A481680D13B00FA026C /* Frameworks */ = {
			isa = PBXFrameworksBuildPhase;
			buildActionMask = 2147483647;
			files = (
			);
			runOnlyForDeploymentPostprocessing = 0;
		};
/* End PBXFrameworksBuildPhase section */

/* Begin PBXGroup section */
		01055A401680D13B00FA026C = {
			isa = PBXGroup;
			children = (
				01055A4E1680D13B00FA026C /* conplot */,
				01055A4C1680D13B00FA026C /* Products */,
			);
			sourceTree = "<group>";
		};
		01055A4C1680D13B00FA026C /* Products */ = {
			isa = PBXGroup;
			children = (
				01055A4B1680D13B00FA026C /* conplot */,
			);
			name = Products;
			sourceTree = "<group>";
		};
		01055A4E1680D13B00FA026C /* conplot */ = {
			isa = PBXGroup;
			children = (
				01055A5B1680D1A000FA026C /* main.cpp */,
				010D8E9316D66DCF00292FFC /* conplot.h */,
				010D8E9416D66E9800292FFC /* conplot */,
			);
			path = conplot;
			sourceTree = "<group>";
		};
		010D8E9416D66E9800292FFC /* conplot */ = {
			isa = PBXGroup;
			children = (
				010D8E9516D66E9800292FFC /* catch.h */,
				010D8E9616D66E9800292FFC /* CharsAndFlags.h */,
				010D8E9716D66E9800292FFC /* DataSeries.h */,
				010D8E9916D66E9800292FFC /* DrawToMemory.h */,
				010D8E9816D66E9800292FFC /* DrawToMemory.cpp */,
				010D8E9A16D66E9800292FFC /* DrawToScreen.h */,
				010D8E9B16D66E9800292FFC /* Point.cpp */,
				010D8E9C16D66E9800292FFC /* Point.h */,
				010D8E9D16D66E9800292FFC /* Rectangle.cpp */,
				010D8E9E16D66E9800292FFC /* Rectangle.h */,
				010D8E9F16D66E9800292FFC /* SigGen.h */,
				010D8EA016D66E9800292FFC /* TicToc.h */,
			);
			path = conplot;
			sourceTree = "<group>";
		};
/* End PBXGroup section */

/* Begin PBXNativeTarget section */
		01055A4A1680D13B00FA026C /* conplot */ = {
			isa = PBXNativeTarget;
			buildConfigurationList = 01055A551680D13B00FA026C /* Build configuration list for PBXNativeTarget "conplot" */;
			buildPhases = (
				01055A471680D13B00FA026C /* Sources */,
				01055A481680D13B00FA026C /* Frameworks */,
				01055A491680D13B00FA026C /* CopyFiles */,
			);
			buildRules = (
			);
			dependencies = (
			);
			name = conplot;
			productName = conplot;
			productReference = 01055A4B1680D13B00FA026C /* conplot */;
			productType = "com.apple.product-type.tool";
		};
/* End PBXNativeTarget section */

/* Begin PBXProject section */
		01055A421680D13B00FA026C /* Project object */ = {
			isa = PBXProject;
			attributes = {
				LastUpgradeCheck = 0450;
				ORGANIZATIONNAME = Nick;
			};
			buildConfigurationList = 01055A451680D13B00FA026C /* Build configuration list for PBXProject "conplot" */;
			compatibilityVersion = "Xcode 3.2";
			developmentRegion = English;
			hasScannedForEncodings = 0;
			knownRegions = (
				en,
			);
			mainGroup = 01055A401680D13B00FA026C;
			productRefGroup = 01055A4C1680D13B00FA026C /* Products */;
			projectDirPath = "";
			projectRoot = "";
			targets = (
				01055A4A1680D13B00FA026C /* conplot */,
			);
		};
/* End PBXProject section */

/* Begin PBXSourcesBuildPhase section */
		01055A471680D13B00FA026C /* Sources */ = {
			isa = PBXSourcesBuildPhase;
			buildActionMask = 2147483647;
			files = (
				01055A5C1680D1A000FA026C /* main.cpp in Sources */,
				010D8EA116D66E9800292FFC /* DrawToMemory.cpp in Sources */,
				010D8EA216D66E9800292FFC /* Point.cpp in Sources */,
				010D8EA316D66E9800292FFC /* Rectangle.cpp in Sources */,
			);
			runOnlyForDeploymentPostprocessing = 0;
		};
/* End PBXSourcesBuildPhase section */

/* Begin XCBuildConfiguration section */
		01055A531680D13B00FA026C /* Debug */ = {
			isa = XCBuildConfiguration;
			buildSettings = {
				ALWAYS_SEARCH_USER_PATHS = NO;
				ARCHS = "$(ARCHS_STANDARD_64_BIT)";
				CLANG_CXX_LANGUAGE_STANDARD = "c++0x";
				CLANG_CXX_LIBRARY = "libc++";
				CLANG_WARN_EMPTY_BODY = YES;
				CLANG_WARN__DUPLICATE_METHOD_MATCH = YES;
				COPY_PHASE_STRIP = NO;
				GCC_C_LANGUAGE_STANDARD = gnu99;
				GCC_DYNAMIC_NO_PIC = NO;
				GCC_ENABLE_OBJC_EXCEPTIONS = YES;
				GCC_INPUT_FILETYPE = automatic;
				GCC_OPTIMIZATION_LEVEL = 0;
				GCC_PREPROCESSOR_DEFINITIONS = (
					"DEBUG=1",
					"$(inherited)",
				);
				GCC_SYMBOLS_PRIVATE_EXTERN = NO;
				GCC_WARN_64_TO_32_BIT_CONVERSION = YES;
				GCC_WARN_ABOUT_RETURN_TYPE = YES;
				GCC_WARN_UNINITIALIZED_AUTOS = YES;
				GCC_WARN_UNUSED_VARIABLE = YES;
				MACOSX_DEPLOYMENT_TARGET = 10.8;
				ONLY_ACTIVE_ARCH = YES;
				SDKROOT = macosx;
			};
			name = Debug;
		};
		01055A541680D13B00FA026C /* Release */ = {
			isa = XCBuildConfiguration;
			buildSettings = {
				ALWAYS_SEARCH_USER_PATHS = NO;
				ARCHS = "$(ARCHS_STANDARD_64_BIT)";
				CLANG_CXX_LANGUAGE_STANDARD = "c++0x";
				CLANG_CXX_LIBRARY = "libc++";
				CLANG_WARN_EMPTY_BODY = YES;
				CLANG_WARN__DUPLICATE_METHOD_MATCH = YES;
				COPY_PHASE_STRIP = YES;
				DEBUG_INFORMATION_FORMAT = "dwarf-with-dsym";
				GCC_C_LANGUAGE_STANDARD = gnu99;
				GCC_ENABLE_OBJC_EXCEPTIONS = YES;
				GCC_INPUT_FILETYPE = automatic;
				GCC_WARN_64_TO_32_BIT_CONVERSION = YES;
				GCC_WARN_ABOUT_RETURN_TYPE = YES;
				GCC_WARN_UNINITIALIZED_AUTOS = YES;
				GCC_WARN_UNUSED_VARIABLE = YES;
				MACOSX_DEPLOYMENT_TARGET = 10.8;
				SDKROOT = macosx;
			};
			name = Release;
		};
		01055A561680D13B00FA026C /* Debug */ = {
			isa = XCBuildConfiguration;
			buildSettings = {
				OTHER_LDFLAGS = "";
				PRODUCT_NAME = "$(TARGET_NAME)";
			};
			name = Debug;
		};
		01055A571680D13B00FA026C /* Release */ = {
			isa = XCBuildConfiguration;
			buildSettings = {
				OTHER_LDFLAGS = "";
				PRODUCT_NAME = "$(TARGET_NAME)";
			};
			name = Release;
		};
/* End XCBuildConfiguration section */

/* Begin XCConfigurationList section */
		01055A451680D13B00FA026C /* Build configuration list for PBXProject "conplot" */ = {
			isa = XCConfigurationList;
			buildConfigurations = (
				01055A531680D13B00FA026C /* Debug */,
				01055A541680D13B00FA026C /* Release */,
			);
			defaultConfigurationIsVisible = 0;
			defaultConfigurationName = Release;
		};
		01055A551680D13B00FA026C /* Build configuration list for PBXNativeTarget "conplot" */ = {
			isa = XCConfigurationList;
			buildConfigurations = (
				01055A561680D13B00FA026C /* Debug */,
				01055A571680D13B00FA026C /* Release */,
			);
			defaultConfigurationIsVisible = 0;
			defaultConfigurationName = Release;
		};
/* End XCConfigurationList section */
	};
	rootObject = 01055A421680D13B00FA026C /* Project object */;
}
