// !$*UTF8*$!
{
	archiveVersion = 1;
	classes = {
	};
	objectVersion = 46;
	objects = {

/* Begin PBXBuildFile section */
		01055A521680D13B00FA026C /* conplot.1 in CopyFiles */ = {isa = PBXBuildFile; fileRef = 01055A511680D13B00FA026C /* conplot.1 */; };
		01055A5C1680D1A000FA026C /* main.cpp in Sources */ = {isa = PBXBuildFile; fileRef = 01055A5B1680D1A000FA026C /* main.cpp */; };
		01FE12D716CE5BB400952ADA /* DrawToMemory.cpp in Sources */ = {isa = PBXBuildFile; fileRef = 01FE12D516CE5BB400952ADA /* DrawToMemory.cpp */; };
		01FE12DA16CE5E7000952ADA /* Rectangle.cpp in Sources */ = {isa = PBXBuildFile; fileRef = 01FE12D816CE5E7000952ADA /* Rectangle.cpp */; };
		01FE12DD16CE5EAF00952ADA /* Point.cpp in Sources */ = {isa = PBXBuildFile; fileRef = 01FE12DB16CE5EAF00952ADA /* Point.cpp */; };
/* End PBXBuildFile section */

/* Begin PBXCopyFilesBuildPhase section */
		01055A491680D13B00FA026C /* CopyFiles */ = {
			isa = PBXCopyFilesBuildPhase;
			buildActionMask = 2147483647;
			dstPath = /usr/share/man/man1/;
			dstSubfolderSpec = 0;
			files = (
				01055A521680D13B00FA026C /* conplot.1 in CopyFiles */,
			);
			runOnlyForDeploymentPostprocessing = 1;
		};
/* End PBXCopyFilesBuildPhase section */

/* Begin PBXFileReference section */
		01055A4B1680D13B00FA026C /* conplot */ = {isa = PBXFileReference; explicitFileType = "compiled.mach-o.executable"; includeInIndex = 0; path = conplot; sourceTree = BUILT_PRODUCTS_DIR; };
		01055A511680D13B00FA026C /* conplot.1 */ = {isa = PBXFileReference; lastKnownFileType = text.man; path = conplot.1; sourceTree = "<group>"; };
		01055A581680D1A000FA026C /* catch.hpp */ = {isa = PBXFileReference; fileEncoding = 4; lastKnownFileType = sourcecode.cpp.h; path = catch.hpp; sourceTree = "<group>"; };
		01055A5A1680D1A000FA026C /* Rectangle.hpp */ = {isa = PBXFileReference; fileEncoding = 4; lastKnownFileType = sourcecode.cpp.h; path = Rectangle.hpp; sourceTree = "<group>"; };
		01055A5B1680D1A000FA026C /* main.cpp */ = {isa = PBXFileReference; fileEncoding = 4; lastKnownFileType = sourcecode.cpp.cpp; path = main.cpp; sourceTree = "<group>"; };
		01055A5D1680D75E00FA026C /* Point.hpp */ = {isa = PBXFileReference; fileEncoding = 4; lastKnownFileType = sourcecode.cpp.h; path = Point.hpp; sourceTree = "<group>"; };
		010D8E9116D65BAC00292FFC /* CharsAndFlags.hpp */ = {isa = PBXFileReference; lastKnownFileType = sourcecode.cpp.h; path = CharsAndFlags.hpp; sourceTree = "<group>"; };
		01BFC09D16873BCA00B0F1BA /* SigGen.hpp */ = {isa = PBXFileReference; lastKnownFileType = sourcecode.cpp.h; path = SigGen.hpp; sourceTree = "<group>"; };
		01FE12D116CE53E800952ADA /* DrawToScreen.hpp */ = {isa = PBXFileReference; lastKnownFileType = sourcecode.cpp.h; path = DrawToScreen.hpp; sourceTree = "<group>"; };
		01FE12D216CE55F800952ADA /* DrawToMemory.hpp */ = {isa = PBXFileReference; lastKnownFileType = sourcecode.cpp.h; path = DrawToMemory.hpp; sourceTree = "<group>"; };
		01FE12D316CE56B400952ADA /* TicToc.h */ = {isa = PBXFileReference; lastKnownFileType = sourcecode.c.h; path = TicToc.h; sourceTree = "<group>"; };
		01FE12D416CE57A300952ADA /* DataSeries.hpp */ = {isa = PBXFileReference; lastKnownFileType = sourcecode.cpp.h; path = DataSeries.hpp; sourceTree = "<group>"; };
		01FE12D516CE5BB400952ADA /* DrawToMemory.cpp */ = {isa = PBXFileReference; fileEncoding = 4; lastKnownFileType = sourcecode.cpp.cpp; path = DrawToMemory.cpp; sourceTree = "<group>"; };
		01FE12D816CE5E7000952ADA /* Rectangle.cpp */ = {isa = PBXFileReference; fileEncoding = 4; lastKnownFileType = sourcecode.cpp.cpp; path = Rectangle.cpp; sourceTree = "<group>"; };
		01FE12DB16CE5EAF00952ADA /* Point.cpp */ = {isa = PBXFileReference; fileEncoding = 4; lastKnownFileType = sourcecode.cpp.cpp; path = Point.cpp; sourceTree = "<group>"; };
/* End PBXFileReference section */

/* Begin PBXFrameworksBuildPhase section */
		01055A481680D13B00FA026C /* Frameworks */ = {
			isa = PBXFrameworksBuildPhase;
			buildActionMask = 2147483647;
			files = (
			);
			runOnlyForDeploymentPostprocessing = 0;
		};
/* End PBXFrameworksBuildPhase section */

/* Begin PBXGroup section */
		01055A401680D13B00FA026C = {
			isa = PBXGroup;
			children = (
				01055A4E1680D13B00FA026C /* conplot */,
				01055A4C1680D13B00FA026C /* Products */,
			);
			sourceTree = "<group>";
		};
		01055A4C1680D13B00FA026C /* Products */ = {
			isa = PBXGroup;
			children = (
				01055A4B1680D13B00FA026C /* conplot */,
			);
			name = Products;
			sourceTree = "<group>";
		};
		01055A4E1680D13B00FA026C /* conplot */ = {
			isa = PBXGroup;
			children = (
				01055A5B1680D1A000FA026C /* main.cpp */,
				01055A581680D1A000FA026C /* catch.hpp */,
				01055A5D1680D75E00FA026C /* Point.hpp */,
				01FE12DB16CE5EAF00952ADA /* Point.cpp */,
				01055A5A1680D1A000FA026C /* Rectangle.hpp */,
				01FE12D816CE5E7000952ADA /* Rectangle.cpp */,
				01FE12D216CE55F800952ADA /* DrawToMemory.hpp */,
				01FE12D516CE5BB400952ADA /* DrawToMemory.cpp */,
				01FE12D116CE53E800952ADA /* DrawToScreen.hpp */,
				01FE12D416CE57A300952ADA /* DataSeries.hpp */,
				01055A511680D13B00FA026C /* conplot.1 */,
				010D8E9116D65BAC00292FFC /* CharsAndFlags.hpp */,
				01BFC09D16873BCA00B0F1BA /* SigGen.hpp */,
				01FE12D316CE56B400952ADA /* TicToc.h */,
			);
			path = conplot;
			sourceTree = "<group>";
		};
/* End PBXGroup section */

/* Begin PBXNativeTarget section */
		01055A4A1680D13B00FA026C /* conplot */ = {
			isa = PBXNativeTarget;
			buildConfigurationList = 01055A551680D13B00FA026C /* Build configuration list for PBXNativeTarget "conplot" */;
			buildPhases = (
				01055A471680D13B00FA026C /* Sources */,
				01055A481680D13B00FA026C /* Frameworks */,
				01055A491680D13B00FA026C /* CopyFiles */,
			);
			buildRules = (
			);
			dependencies = (
			);
			name = conplot;
			productName = conplot;
			productReference = 01055A4B1680D13B00FA026C /* conplot */;
			productType = "com.apple.product-type.tool";
		};
/* End PBXNativeTarget section */

/* Begin PBXProject section */
		01055A421680D13B00FA026C /* Project object */ = {
			isa = PBXProject;
			attributes = {
				LastUpgradeCheck = 0450;
				ORGANIZATIONNAME = Nick;
			};
			buildConfigurationList = 01055A451680D13B00FA026C /* Build configuration list for PBXProject "conplot" */;
			compatibilityVersion = "Xcode 3.2";
			developmentRegion = English;
			hasScannedForEncodings = 0;
			knownRegions = (
				en,
			);
			mainGroup = 01055A401680D13B00FA026C;
			productRefGroup = 01055A4C1680D13B00FA026C /* Products */;
			projectDirPath = "";
			projectRoot = "";
			targets = (
				01055A4A1680D13B00FA026C /* conplot */,
			);
		};
/* End PBXProject section */

/* Begin PBXSourcesBuildPhase section */
		01055A471680D13B00FA026C /* Sources */ = {
			isa = PBXSourcesBuildPhase;
			buildActionMask = 2147483647;
			files = (
				01055A5C1680D1A000FA026C /* main.cpp in Sources */,
				01FE12D716CE5BB400952ADA /* DrawToMemory.cpp in Sources */,
				01FE12DA16CE5E7000952ADA /* Rectangle.cpp in Sources */,
				01FE12DD16CE5EAF00952ADA /* Point.cpp in Sources */,
			);
			runOnlyForDeploymentPostprocessing = 0;
		};
/* End PBXSourcesBuildPhase section */

/* Begin XCBuildConfiguration section */
		01055A531680D13B00FA026C /* Debug */ = {
			isa = XCBuildConfiguration;
			buildSettings = {
				ALWAYS_SEARCH_USER_PATHS = NO;
				ARCHS = "$(ARCHS_STANDARD_64_BIT)";
				CLANG_CXX_LANGUAGE_STANDARD = "c++0x";
				CLANG_CXX_LIBRARY = "libc++";
				CLANG_WARN_EMPTY_BODY = YES;
				CLANG_WARN__DUPLICATE_METHOD_MATCH = YES;
				COPY_PHASE_STRIP = NO;
				GCC_C_LANGUAGE_STANDARD = gnu99;
				GCC_DYNAMIC_NO_PIC = NO;
				GCC_ENABLE_OBJC_EXCEPTIONS = YES;
				GCC_INPUT_FILETYPE = automatic;
				GCC_OPTIMIZATION_LEVEL = 0;
				GCC_PREPROCESSOR_DEFINITIONS = (
					"DEBUG=1",
					"$(inherited)",
				);
				GCC_SYMBOLS_PRIVATE_EXTERN = NO;
				GCC_WARN_64_TO_32_BIT_CONVERSION = YES;
				GCC_WARN_ABOUT_RETURN_TYPE = YES;
				GCC_WARN_UNINITIALIZED_AUTOS = YES;
				GCC_WARN_UNUSED_VARIABLE = YES;
				MACOSX_DEPLOYMENT_TARGET = 10.8;
				ONLY_ACTIVE_ARCH = YES;
				SDKROOT = macosx;
			};
			name = Debug;
		};
		01055A541680D13B00FA026C /* Release */ = {
			isa = XCBuildConfiguration;
			buildSettings = {
				ALWAYS_SEARCH_USER_PATHS = NO;
				ARCHS = "$(ARCHS_STANDARD_64_BIT)";
				CLANG_CXX_LANGUAGE_STANDARD = "c++0x";
				CLANG_CXX_LIBRARY = "libc++";
				CLANG_WARN_EMPTY_BODY = YES;
				CLANG_WARN__DUPLICATE_METHOD_MATCH = YES;
				COPY_PHASE_STRIP = YES;
				DEBUG_INFORMATION_FORMAT = "dwarf-with-dsym";
				GCC_C_LANGUAGE_STANDARD = gnu99;
				GCC_ENABLE_OBJC_EXCEPTIONS = YES;
				GCC_INPUT_FILETYPE = automatic;
				GCC_WARN_64_TO_32_BIT_CONVERSION = YES;
				GCC_WARN_ABOUT_RETURN_TYPE = YES;
				GCC_WARN_UNINITIALIZED_AUTOS = YES;
				GCC_WARN_UNUSED_VARIABLE = YES;
				MACOSX_DEPLOYMENT_TARGET = 10.8;
				SDKROOT = macosx;
			};
			name = Release;
		};
		01055A561680D13B00FA026C /* Debug */ = {
			isa = XCBuildConfiguration;
			buildSettings = {
				OTHER_LDFLAGS = "";
				PRODUCT_NAME = "$(TARGET_NAME)";
			};
			name = Debug;
		};
		01055A571680D13B00FA026C /* Release */ = {
			isa = XCBuildConfiguration;
			buildSettings = {
				OTHER_LDFLAGS = "";
				PRODUCT_NAME = "$(TARGET_NAME)";
			};
			name = Release;
		};
/* End XCBuildConfiguration section */

/* Begin XCConfigurationList section */
		01055A451680D13B00FA026C /* Build configuration list for PBXProject "conplot" */ = {
			isa = XCConfigurationList;
			buildConfigurations = (
				01055A531680D13B00FA026C /* Debug */,
				01055A541680D13B00FA026C /* Release */,
			);
			defaultConfigurationIsVisible = 0;
			defaultConfigurationName = Release;
		};
		01055A551680D13B00FA026C /* Build configuration list for PBXNativeTarget "conplot" */ = {
			isa = XCConfigurationList;
			buildConfigurations = (
				01055A561680D13B00FA026C /* Debug */,
				01055A571680D13B00FA026C /* Release */,
			);
			defaultConfigurationIsVisible = 0;
			defaultConfigurationName = Release;
		};
/* End XCConfigurationList section */
	};
	rootObject = 01055A421680D13B00FA026C /* Project object */;
}
